{
  "requires": true,
  "lockfileVersion": 1,
  "dependencies": {
    "strings.js": {
      "version": "1.4.1",
      "resolved": "https://registry.npmjs.org/strings.js/-/strings.js-1.4.1.tgz",
      "integrity": "sha512-XV5hXoCey2l7IPWVGvrIuWMwlQpGC7eKTZ9WQi15SGyoK3JNThNpTGrSO/19b9wKguJ34R2HuscpvlPP9iIpDA==",
      "requires": {
        "types.js": "^1.9.3"
      }
    },
    "types.js": {
      "version": "1.9.3",
      "resolved": "https://registry.npmjs.org/types.js/-/types.js-1.9.3.tgz",
      "integrity": "sha512-tzuUom3YMvKPf3Ac/dd7Ye9P/tqXp3cUkNE5xgFZPCQOQubOcZAitKOUIF9HV+o1/0RwScckL2Xxf8f5jXACUw=="
    },
    "words.js": {
      "version": "0.4.3",
      "resolved": "https://registry.npmjs.org/words.js/-/words.js-0.4.3.tgz",
      "integrity": "sha512-SHnu9Ut9x5OIrWcyNN/pKOET3n1D/RZ8V/nGjOsC1NKqhwTk2tJ0QDr3EF8ZyF19s1gq6rjKxXza9iZMI5o0QQ==",
      "requires": {
        "strings.js": "^1.4.1"
      }
    }
  }
}
